
Microsoft Visual Studio Solution File, Format Version 11.00
# Visual Studio 2010
# SharpDevelop 4.4
Project("{FAE04EC0-301F-11D3-BF4B-00C04F79EFBC}") = "Persintencia01", "Persintencia01\Persintencia01.csproj", "{9E71E0FD-F922-404E-906D-9264AB3BC515}"
EndProject
Global
	GlobalSection(SolutionConfigurationPlatforms) = preSolution
		Debug|Any CPU = Debug|Any CPU
		Release|Any CPU = Release|Any CPU
	EndGlobalSection
	GlobalSection(ProjectConfigurationPlatforms) = postSolution
		{9E71E0FD-F922-404E-906D-9264AB3BC515}.Debug|Any CPU.Build.0 = Debug|Any CPU
		{9E71E0FD-F922-404E-906D-9264AB3BC515}.Debug|Any CPU.ActiveCfg = Debug|Any CPU
		{9E71E0FD-F922-404E-906D-9264AB3BC515}.Release|Any CPU.Build.0 = Release|Any CPU
		{9E71E0FD-F922-404E-906D-9264AB3BC515}.Release|Any CPU.ActiveCfg = Release|Any CPU
	EndGlobalSection
EndGlobal
